// !$*UTF8*$!
{
	archiveVersion = 1;
	classes = {
	};
	objectVersion = 46;
	objects = {

/* Begin PBXBuildFile section */
		86FFF3D7189D85B800BF1185 /* Foundation.framework in Frameworks */ = {isa = PBXBuildFile; fileRef = 86FFF3D6189D85B800BF1185 /* Foundation.framework */; };
		86FFF3D9189D85B800BF1185 /* CoreGraphics.framework in Frameworks */ = {isa = PBXBuildFile; fileRef = 86FFF3D8189D85B800BF1185 /* CoreGraphics.framework */; };
		86FFF3DB189D85B800BF1185 /* UIKit.framework in Frameworks */ = {isa = PBXBuildFile; fileRef = 86FFF3DA189D85B800BF1185 /* UIKit.framework */; };
		86FFF3E1189D85B800BF1185 /* InfoPlist.strings in Resources */ = {isa = PBXBuildFile; fileRef = 86FFF3DF189D85B800BF1185 /* InfoPlist.strings */; };
		86FFF3E3189D85B800BF1185 /* main.m in Sources */ = {isa = PBXBuildFile; fileRef = 86FFF3E2189D85B800BF1185 /* main.m */; };
		86FFF3E7189D85B800BF1185 /* AppDelegate.m in Sources */ = {isa = PBXBuildFile; fileRef = 86FFF3E6189D85B800BF1185 /* AppDelegate.m */; };
		86FFF3E9189D85B800BF1185 /* Images.xcassets in Resources */ = {isa = PBXBuildFile; fileRef = 86FFF3E8189D85B800BF1185 /* Images.xcassets */; };
		86FFF3F0189D85B800BF1185 /* XCTest.framework in Frameworks */ = {isa = PBXBuildFile; fileRef = 86FFF3EF189D85B800BF1185 /* XCTest.framework */; };
		86FFF3F1189D85B800BF1185 /* Foundation.framework in Frameworks */ = {isa = PBXBuildFile; fileRef = 86FFF3D6189D85B800BF1185 /* Foundation.framework */; };
		86FFF3F2189D85B800BF1185 /* UIKit.framework in Frameworks */ = {isa = PBXBuildFile; fileRef = 86FFF3DA189D85B800BF1185 /* UIKit.framework */; };
		86FFF3FA189D85B800BF1185 /* InfoPlist.strings in Resources */ = {isa = PBXBuildFile; fileRef = 86FFF3F8189D85B800BF1185 /* InfoPlist.strings */; };
		86FFF3FC189D85B800BF1185 /* PowderHunterTests.m in Sources */ = {isa = PBXBuildFile; fileRef = 86FFF3FB189D85B800BF1185 /* PowderHunterTests.m */; };
/* End PBXBuildFile section */

/* Begin PBXContainerItemProxy section */
		86FFF3F3189D85B800BF1185 /* PBXContainerItemProxy */ = {
			isa = PBXContainerItemProxy;
			containerPortal = 86FFF3CB189D85B800BF1185 /* Project object */;
			proxyType = 1;
			remoteGlobalIDString = 86FFF3D2189D85B800BF1185;
			remoteInfo = PowderHunter;
		};
/* End PBXContainerItemProxy section */

/* Begin PBXFileReference section */
		86FFF3D3189D85B800BF1185 /* PowderHunter.app */ = {isa = PBXFileReference; explicitFileType = wrapper.application; includeInIndex = 0; path = PowderHunter.app; sourceTree = BUILT_PRODUCTS_DIR; };
		86FFF3D6189D85B800BF1185 /* Foundation.framework */ = {isa = PBXFileReference; lastKnownFileType = wrapper.framework; name = Foundation.framework; path = System/Library/Frameworks/Foundation.framework; sourceTree = SDKROOT; };
		86FFF3D8189D85B800BF1185 /* CoreGraphics.framework */ = {isa = PBXFileReference; lastKnownFileType = wrapper.framework; name = CoreGraphics.framework; path = System/Library/Frameworks/CoreGraphics.framework; sourceTree = SDKROOT; };
		86FFF3DA189D85B800BF1185 /* UIKit.framework */ = {isa = PBXFileReference; lastKnownFileType = wrapper.framework; name = UIKit.framework; path = System/Library/Frameworks/UIKit.framework; sourceTree = SDKROOT; };
		86FFF3DE189D85B800BF1185 /* PowderHunter-Info.plist */ = {isa = PBXFileReference; lastKnownFileType = text.plist.xml; path = "PowderHunter-Info.plist"; sourceTree = "<group>"; };
		86FFF3E0189D85B800BF1185 /* en */ = {isa = PBXFileReference; lastKnownFileType = text.plist.strings; name = en; path = en.lproj/InfoPlist.strings; sourceTree = "<group>"; };
		86FFF3E2189D85B800BF1185 /* main.m */ = {isa = PBXFileReference; lastKnownFileType = sourcecode.c.objc; path = main.m; sourceTree = "<group>"; };
		86FFF3E4189D85B800BF1185 /* PowderHunter-Prefix.pch */ = {isa = PBXFileReference; lastKnownFileType = sourcecode.c.h; path = "PowderHunter-Prefix.pch"; sourceTree = "<group>"; };
		86FFF3E5189D85B800BF1185 /* AppDelegate.h */ = {isa = PBXFileReference; lastKnownFileType = sourcecode.c.h; path = AppDelegate.h; sourceTree = "<group>"; };
		86FFF3E6189D85B800BF1185 /* AppDelegate.m */ = {isa = PBXFileReference; lastKnownFileType = sourcecode.c.objc; path = AppDelegate.m; sourceTree = "<group>"; };
		86FFF3E8189D85B800BF1185 /* Images.xcassets */ = {isa = PBXFileReference; lastKnownFileType = folder.assetcatalog; path = Images.xcassets; sourceTree = "<group>"; };
		86FFF3EE189D85B800BF1185 /* PowderHunterTests.xctest */ = {isa = PBXFileReference; explicitFileType = wrapper.cfbundle; includeInIndex = 0; path = PowderHunterTests.xctest; sourceTree = BUILT_PRODUCTS_DIR; };
		86FFF3EF189D85B800BF1185 /* XCTest.framework */ = {isa = PBXFileReference; lastKnownFileType = wrapper.framework; name = XCTest.framework; path = Library/Frameworks/XCTest.framework; sourceTree = DEVELOPER_DIR; };
		86FFF3F7189D85B800BF1185 /* PowderHunterTests-Info.plist */ = {isa = PBXFileReference; lastKnownFileType = text.plist.xml; path = "PowderHunterTests-Info.plist"; sourceTree = "<group>"; };
		86FFF3F9189D85B800BF1185 /* en */ = {isa = PBXFileReference; lastKnownFileType = text.plist.strings; name = en; path = en.lproj/InfoPlist.strings; sourceTree = "<group>"; };
		86FFF3FB189D85B800BF1185 /* PowderHunterTests.m */ = {isa = PBXFileReference; lastKnownFileType = sourcecode.c.objc; path = PowderHunterTests.m; sourceTree = "<group>"; };
/* End PBXFileReference section */

/* Begin PBXFrameworksBuildPhase section */
		86FFF3D0189D85B800BF1185 /* Frameworks */ = {
			isa = PBXFrameworksBuildPhase;
			buildActionMask = 2147483647;
			files = (
				86FFF3D9189D85B800BF1185 /* CoreGraphics.framework in Frameworks */,
				86FFF3DB189D85B800BF1185 /* UIKit.framework in Frameworks */,
				86FFF3D7189D85B800BF1185 /* Foundation.framework in Frameworks */,
			);
			runOnlyForDeploymentPostprocessing = 0;
		};
		86FFF3EB189D85B800BF1185 /* Frameworks */ = {
			isa = PBXFrameworksBuildPhase;
			buildActionMask = 2147483647;
			files = (
				86FFF3F0189D85B800BF1185 /* XCTest.framework in Frameworks */,
				86FFF3F2189D85B800BF1185 /* UIKit.framework in Frameworks */,
				86FFF3F1189D85B800BF1185 /* Foundation.framework in Frameworks */,
			);
			runOnlyForDeploymentPostprocessing = 0;
		};
/* End PBXFrameworksBuildPhase section */

/* Begin PBXGroup section */
		86FFF3CA189D85B800BF1185 = {
			isa = PBXGroup;
			children = (
				86FFF3DC189D85B800BF1185 /* PowderHunter */,
				86FFF3F5189D85B800BF1185 /* PowderHunterTests */,
				86FFF3D5189D85B800BF1185 /* Frameworks */,
				86FFF3D4189D85B800BF1185 /* Products */,
			);
			sourceTree = "<group>";
		};
		86FFF3D4189D85B800BF1185 /* Products */ = {
			isa = PBXGroup;
			children = (
				86FFF3D3189D85B800BF1185 /* PowderHunter.app */,
				86FFF3EE189D85B800BF1185 /* PowderHunterTests.xctest */,
			);
			name = Products;
			sourceTree = "<group>";
		};
		86FFF3D5189D85B800BF1185 /* Frameworks */ = {
			isa = PBXGroup;
			children = (
				86FFF3D6189D85B800BF1185 /* Foundation.framework */,
				86FFF3D8189D85B800BF1185 /* CoreGraphics.framework */,
				86FFF3DA189D85B800BF1185 /* UIKit.framework */,
				86FFF3EF189D85B800BF1185 /* XCTest.framework */,
			);
			name = Frameworks;
			sourceTree = "<group>";
		};
		86FFF3DC189D85B800BF1185 /* PowderHunter */ = {
			isa = PBXGroup;
			children = (
				86FFF3E5189D85B800BF1185 /* AppDelegate.h */,
				86FFF3E6189D85B800BF1185 /* AppDelegate.m */,
				86FFF3E8189D85B800BF1185 /* Images.xcassets */,
				86FFF3DD189D85B800BF1185 /* Supporting Files */,
			);
			path = PowderHunter;
			sourceTree = "<group>";
		};
		86FFF3DD189D85B800BF1185 /* Supporting Files */ = {
			isa = PBXGroup;
			children = (
				86FFF3DE189D85B800BF1185 /* PowderHunter-Info.plist */,
				86FFF3DF189D85B800BF1185 /* InfoPlist.strings */,
				86FFF3E2189D85B800BF1185 /* main.m */,
				86FFF3E4189D85B800BF1185 /* PowderHunter-Prefix.pch */,
			);
			name = "Supporting Files";
			sourceTree = "<group>";
		};
		86FFF3F5189D85B800BF1185 /* PowderHunterTests */ = {
			isa = PBXGroup;
			children = (
				86FFF3FB189D85B800BF1185 /* PowderHunterTests.m */,
				86FFF3F6189D85B800BF1185 /* Supporting Files */,
			);
			path = PowderHunterTests;
			sourceTree = "<group>";
		};
		86FFF3F6189D85B800BF1185 /* Supporting Files */ = {
			isa = PBXGroup;
			children = (
				86FFF3F7189D85B800BF1185 /* PowderHunterTests-Info.plist */,
				86FFF3F8189D85B800BF1185 /* InfoPlist.strings */,
			);
			name = "Supporting Files";
			sourceTree = "<group>";
		};
/* End PBXGroup section */

/* Begin PBXNativeTarget section */
		86FFF3D2189D85B800BF1185 /* PowderHunter */ = {
			isa = PBXNativeTarget;
			buildConfigurationList = 86FFF3FF189D85B800BF1185 /* Build configuration list for PBXNativeTarget "PowderHunter" */;
			buildPhases = (
				86FFF3CF189D85B800BF1185 /* Sources */,
				86FFF3D0189D85B800BF1185 /* Frameworks */,
				86FFF3D1189D85B800BF1185 /* Resources */,
			);
			buildRules = (
			);
			dependencies = (
			);
			name = PowderHunter;
			productName = PowderHunter;
			productReference = 86FFF3D3189D85B800BF1185 /* PowderHunter.app */;
			productType = "com.apple.product-type.application";
		};
		86FFF3ED189D85B800BF1185 /* PowderHunterTests */ = {
			isa = PBXNativeTarget;
			buildConfigurationList = 86FFF402189D85B800BF1185 /* Build configuration list for PBXNativeTarget "PowderHunterTests" */;
			buildPhases = (
				86FFF3EA189D85B800BF1185 /* Sources */,
				86FFF3EB189D85B800BF1185 /* Frameworks */,
				86FFF3EC189D85B800BF1185 /* Resources */,
			);
			buildRules = (
			);
			dependencies = (
				86FFF3F4189D85B800BF1185 /* PBXTargetDependency */,
			);
			name = PowderHunterTests;
			productName = PowderHunterTests;
			productReference = 86FFF3EE189D85B800BF1185 /* PowderHunterTests.xctest */;
			productType = "com.apple.product-type.bundle.unit-test";
		};
/* End PBXNativeTarget section */

/* Begin PBXProject section */
		86FFF3CB189D85B800BF1185 /* Project object */ = {
			isa = PBXProject;
			attributes = {
				LastUpgradeCheck = 0500;
				ORGANIZATIONNAME = codepath;
				TargetAttributes = {
					86FFF3ED189D85B800BF1185 = {
						TestTargetID = 86FFF3D2189D85B800BF1185;
					};
				};
			};
			buildConfigurationList = 86FFF3CE189D85B800BF1185 /* Build configuration list for PBXProject "PowderHunter" */;
			compatibilityVersion = "Xcode 3.2";
			developmentRegion = English;
			hasScannedForEncodings = 0;
			knownRegions = (
				en,
			);
			mainGroup = 86FFF3CA189D85B800BF1185;
			productRefGroup = 86FFF3D4189D85B800BF1185 /* Products */;
			projectDirPath = "";
			projectRoot = "";
			targets = (
				86FFF3D2189D85B800BF1185 /* PowderHunter */,
				86FFF3ED189D85B800BF1185 /* PowderHunterTests */,
			);
		};
/* End PBXProject section */

/* Begin PBXResourcesBuildPhase section */
		86FFF3D1189D85B800BF1185 /* Resources */ = {
			isa = PBXResourcesBuildPhase;
			buildActionMask = 2147483647;
			files = (
				86FFF3E1189D85B800BF1185 /* InfoPlist.strings in Resources */,
				86FFF3E9189D85B800BF1185 /* Images.xcassets in Resources */,
			);
			runOnlyForDeploymentPostprocessing = 0;
		};
		86FFF3EC189D85B800BF1185 /* Resources */ = {
			isa = PBXResourcesBuildPhase;
			buildActionMask = 2147483647;
			files = (
				86FFF3FA189D85B800BF1185 /* InfoPlist.strings in Resources */,
			);
			runOnlyForDeploymentPostprocessing = 0;
		};
/* End PBXResourcesBuildPhase section */

/* Begin PBXSourcesBuildPhase section */
		86FFF3CF189D85B800BF1185 /* Sources */ = {
			isa = PBXSourcesBuildPhase;
			buildActionMask = 2147483647;
			files = (
				86FFF3E7189D85B800BF1185 /* AppDelegate.m in Sources */,
				86FFF3E3189D85B800BF1185 /* main.m in Sources */,
			);
			runOnlyForDeploymentPostprocessing = 0;
		};
		86FFF3EA189D85B800BF1185 /* Sources */ = {
			isa = PBXSourcesBuildPhase;
			buildActionMask = 2147483647;
			files = (
				86FFF3FC189D85B800BF1185 /* PowderHunterTests.m in Sources */,
			);
			runOnlyForDeploymentPostprocessing = 0;
		};
/* End PBXSourcesBuildPhase section */

/* Begin PBXTargetDependency section */
		86FFF3F4189D85B800BF1185 /* PBXTargetDependency */ = {
			isa = PBXTargetDependency;
			target = 86FFF3D2189D85B800BF1185 /* PowderHunter */;
			targetProxy = 86FFF3F3189D85B800BF1185 /* PBXContainerItemProxy */;
		};
/* End PBXTargetDependency section */

/* Begin PBXVariantGroup section */
		86FFF3DF189D85B800BF1185 /* InfoPlist.strings */ = {
			isa = PBXVariantGroup;
			children = (
				86FFF3E0189D85B800BF1185 /* en */,
			);
			name = InfoPlist.strings;
			sourceTree = "<group>";
		};
		86FFF3F8189D85B800BF1185 /* InfoPlist.strings */ = {
			isa = PBXVariantGroup;
			children = (
				86FFF3F9189D85B800BF1185 /* en */,
			);
			name = InfoPlist.strings;
			sourceTree = "<group>";
		};
/* End PBXVariantGroup section */

/* Begin XCBuildConfiguration section */
		86FFF3FD189D85B800BF1185 /* Debug */ = {
			isa = XCBuildConfiguration;
			buildSettings = {
				ALWAYS_SEARCH_USER_PATHS = NO;
				ARCHS = "$(ARCHS_STANDARD_INCLUDING_64_BIT)";
				CLANG_CXX_LANGUAGE_STANDARD = "gnu++0x";
				CLANG_CXX_LIBRARY = "libc++";
				CLANG_ENABLE_MODULES = YES;
				CLANG_ENABLE_OBJC_ARC = YES;
				CLANG_WARN_BOOL_CONVERSION = YES;
				CLANG_WARN_CONSTANT_CONVERSION = YES;
				CLANG_WARN_DIRECT_OBJC_ISA_USAGE = YES_ERROR;
				CLANG_WARN_EMPTY_BODY = YES;
				CLANG_WARN_ENUM_CONVERSION = YES;
				CLANG_WARN_INT_CONVERSION = YES;
				CLANG_WARN_OBJC_ROOT_CLASS = YES_ERROR;
				CLANG_WARN__DUPLICATE_METHOD_MATCH = YES;
				"CODE_SIGN_IDENTITY[sdk=iphoneos*]" = "iPhone Developer";
				COPY_PHASE_STRIP = NO;
				GCC_C_LANGUAGE_STANDARD = gnu99;
				GCC_DYNAMIC_NO_PIC = NO;
				GCC_OPTIMIZATION_LEVEL = 0;
				GCC_PREPROCESSOR_DEFINITIONS = (
					"DEBUG=1",
					"$(inherited)",
				);
				GCC_SYMBOLS_PRIVATE_EXTERN = NO;
				GCC_WARN_64_TO_32_BIT_CONVERSION = YES;
				GCC_WARN_ABOUT_RETURN_TYPE = YES_ERROR;
				GCC_WARN_UNDECLARED_SELECTOR = YES;
				GCC_WARN_UNINITIALIZED_AUTOS = YES;
				GCC_WARN_UNUSED_FUNCTION = YES;
				GCC_WARN_UNUSED_VARIABLE = YES;
				IPHONEOS_DEPLOYMENT_TARGET = 7.0;
				ONLY_ACTIVE_ARCH = YES;
				SDKROOT = iphoneos;
			};
			name = Debug;
		};
		86FFF3FE189D85B800BF1185 /* Release */ = {
			isa = XCBuildConfiguration;
			buildSettings = {
				ALWAYS_SEARCH_USER_PATHS = NO;
				ARCHS = "$(ARCHS_STANDARD_INCLUDING_64_BIT)";
				CLANG_CXX_LANGUAGE_STANDARD = "gnu++0x";
				CLANG_CXX_LIBRARY = "libc++";
				CLANG_ENABLE_MODULES = YES;
				CLANG_ENABLE_OBJC_ARC = YES;
				CLANG_WARN_BOOL_CONVERSION = YES;
				CLANG_WARN_CONSTANT_CONVERSION = YES;
				CLANG_WARN_DIRECT_OBJC_ISA_USAGE = YES_ERROR;
				CLANG_WARN_EMPTY_BODY = YES;
				CLANG_WARN_ENUM_CONVERSION = YES;
				CLANG_WARN_INT_CONVERSION = YES;
				CLANG_WARN_OBJC_ROOT_CLASS = YES_ERROR;
				CLANG_WARN__DUPLICATE_METHOD_MATCH = YES;
				"CODE_SIGN_IDENTITY[sdk=iphoneos*]" = "iPhone Developer";
				COPY_PHASE_STRIP = YES;
				ENABLE_NS_ASSERTIONS = NO;
				GCC_C_LANGUAGE_STANDARD = gnu99;
				GCC_WARN_64_TO_32_BIT_CONVERSION = YES;
				GCC_WARN_ABOUT_RETURN_TYPE = YES_ERROR;
				GCC_WARN_UNDECLARED_SELECTOR = YES;
				GCC_WARN_UNINITIALIZED_AUTOS = YES;
				GCC_WARN_UNUSED_FUNCTION = YES;
				GCC_WARN_UNUSED_VARIABLE = YES;
				IPHONEOS_DEPLOYMENT_TARGET = 7.0;
				SDKROOT = iphoneos;
				VALIDATE_PRODUCT = YES;
			};
			name = Release;
		};
		86FFF400189D85B800BF1185 /* Debug */ = {
			isa = XCBuildConfiguration;
			buildSettings = {
				ASSETCATALOG_COMPILER_APPICON_NAME = AppIcon;
				ASSETCATALOG_COMPILER_LAUNCHIMAGE_NAME = LaunchImage;
				GCC_PRECOMPILE_PREFIX_HEADER = YES;
				GCC_PREFIX_HEADER = "PowderHunter/PowderHunter-Prefix.pch";
				INFOPLIST_FILE = "PowderHunter/PowderHunter-Info.plist";
				PRODUCT_NAME = "$(TARGET_NAME)";
				WRAPPER_EXTENSION = app;
			};
			name = Debug;
		};
		86FFF401189D85B800BF1185 /* Release */ = {
			isa = XCBuildConfiguration;
			buildSettings = {
				ASSETCATALOG_COMPILER_APPICON_NAME = AppIcon;
				ASSETCATALOG_COMPILER_LAUNCHIMAGE_NAME = LaunchImage;
				GCC_PRECOMPILE_PREFIX_HEADER = YES;
				GCC_PREFIX_HEADER = "PowderHunter/PowderHunter-Prefix.pch";
				INFOPLIST_FILE = "PowderHunter/PowderHunter-Info.plist";
				PRODUCT_NAME = "$(TARGET_NAME)";
				WRAPPER_EXTENSION = app;
			};
			name = Release;
		};
		86FFF403189D85B800BF1185 /* Debug */ = {
			isa = XCBuildConfiguration;
			buildSettings = {
				ARCHS = "$(ARCHS_STANDARD_INCLUDING_64_BIT)";
				BUNDLE_LOADER = "$(BUILT_PRODUCTS_DIR)/PowderHunter.app/PowderHunter";
				FRAMEWORK_SEARCH_PATHS = (
					"$(SDKROOT)/Developer/Library/Frameworks",
					"$(inherited)",
					"$(DEVELOPER_FRAMEWORKS_DIR)",
				);
				GCC_PRECOMPILE_PREFIX_HEADER = YES;
				GCC_PREFIX_HEADER = "PowderHunter/PowderHunter-Prefix.pch";
				GCC_PREPROCESSOR_DEFINITIONS = (
					"DEBUG=1",
					"$(inherited)",
				);
				INFOPLIST_FILE = "PowderHunterTests/PowderHunterTests-Info.plist";
				PRODUCT_NAME = "$(TARGET_NAME)";
				TEST_HOST = "$(BUNDLE_LOADER)";
				WRAPPER_EXTENSION = xctest;
			};
			name = Debug;
		};
		86FFF404189D85B800BF1185 /* Release */ = {
			isa = XCBuildConfiguration;
			buildSettings = {
				ARCHS = "$(ARCHS_STANDARD_INCLUDING_64_BIT)";
				BUNDLE_LOADER = "$(BUILT_PRODUCTS_DIR)/PowderHunter.app/PowderHunter";
				FRAMEWORK_SEARCH_PATHS = (
					"$(SDKROOT)/Developer/Library/Frameworks",
					"$(inherited)",
					"$(DEVELOPER_FRAMEWORKS_DIR)",
				);
				GCC_PRECOMPILE_PREFIX_HEADER = YES;
				GCC_PREFIX_HEADER = "PowderHunter/PowderHunter-Prefix.pch";
				INFOPLIST_FILE = "PowderHunterTests/PowderHunterTests-Info.plist";
				PRODUCT_NAME = "$(TARGET_NAME)";
				TEST_HOST = "$(BUNDLE_LOADER)";
				WRAPPER_EXTENSION = xctest;
			};
			name = Release;
		};
/* End XCBuildConfiguration section */

/* Begin XCConfigurationList section */
		86FFF3CE189D85B800BF1185 /* Build configuration list for PBXProject "PowderHunter" */ = {
			isa = XCConfigurationList;
			buildConfigurations = (
				86FFF3FD189D85B800BF1185 /* Debug */,
				86FFF3FE189D85B800BF1185 /* Release */,
			);
			defaultConfigurationIsVisible = 0;
			defaultConfigurationName = Release;
		};
		86FFF3FF189D85B800BF1185 /* Build configuration list for PBXNativeTarget "PowderHunter" */ = {
			isa = XCConfigurationList;
			buildConfigurations = (
				86FFF400189D85B800BF1185 /* Debug */,
				86FFF401189D85B800BF1185 /* Release */,
			);
			defaultConfigurationIsVisible = 0;
		};
		86FFF402189D85B800BF1185 /* Build configuration list for PBXNativeTarget "PowderHunterTests" */ = {
			isa = XCConfigurationList;
			buildConfigurations = (
				86FFF403189D85B800BF1185 /* Debug */,
				86FFF404189D85B800BF1185 /* Release */,
			);
			defaultConfigurationIsVisible = 0;
		};
/* End XCConfigurationList section */
	};
	rootObject = 86FFF3CB189D85B800BF1185 /* Project object */;
}
