// !$*UTF8*$!
{
	archiveVersion = 1;
	classes = {
	};
	objectVersion = 46;
	objects = {

/* Begin PBXBuildFile section */
		86412BE318BC79E800E3CD48 /* FavoriteResortsManager.m in Sources */ = {isa = PBXBuildFile; fileRef = 86412BE218BC79E800E3CD48 /* FavoriteResortsManager.m */; };
		8668A30718ADF05000211EAC /* OpenSnowClient.m in Sources */ = {isa = PBXBuildFile; fileRef = 8668A30618ADF05000211EAC /* OpenSnowClient.m */; };
		8668A30B18ADF1B900211EAC /* SnoCountryClient.m in Sources */ = {isa = PBXBuildFile; fileRef = 8668A30A18ADF1B900211EAC /* SnoCountryClient.m */; };
		867026F118B13959002C9D96 /* ResortsViewController.m in Sources */ = {isa = PBXBuildFile; fileRef = 867026EF18B13959002C9D96 /* ResortsViewController.m */; };
		867026F618B139EC002C9D96 /* Resort.m in Sources */ = {isa = PBXBuildFile; fileRef = 867026F518B139EC002C9D96 /* Resort.m */; };
		8670270118B1444C002C9D96 /* ResortCell.xib in Resources */ = {isa = PBXBuildFile; fileRef = 8670270018B1444C002C9D96 /* ResortCell.xib */; };
		8670270418B1445A002C9D96 /* ResortCell.m in Sources */ = {isa = PBXBuildFile; fileRef = 8670270318B1445A002C9D96 /* ResortCell.m */; };
		8670270818B146BF002C9D96 /* ResortDetailViewController.m in Sources */ = {isa = PBXBuildFile; fileRef = 8670270618B146BF002C9D96 /* ResortDetailViewController.m */; };
		8670270918B146BF002C9D96 /* ResortDetailViewController.xib in Resources */ = {isa = PBXBuildFile; fileRef = 8670270718B146BF002C9D96 /* ResortDetailViewController.xib */; };
		86934AA118B3374C00A4BA25 /* Temperature.m in Sources */ = {isa = PBXBuildFile; fileRef = 86934AA018B3374C00A4BA25 /* Temperature.m */; };
		8693AA2C18BB133200D2F3BF /* EditResortCell.m in Sources */ = {isa = PBXBuildFile; fileRef = 8693AA2B18BB133200D2F3BF /* EditResortCell.m */; };
		8693AA2E18BB134C00D2F3BF /* EditResortCell.xib in Resources */ = {isa = PBXBuildFile; fileRef = 8693AA2D18BB134C00D2F3BF /* EditResortCell.xib */; };
		8693AA3218BB197500D2F3BF /* AddResortsViewController.m in Sources */ = {isa = PBXBuildFile; fileRef = 8693AA3018BB197500D2F3BF /* AddResortsViewController.m */; };
		8693AA3318BB197500D2F3BF /* AddResortsViewController.xib in Resources */ = {isa = PBXBuildFile; fileRef = 8693AA3118BB197500D2F3BF /* AddResortsViewController.xib */; };
		86E14A9818C44ACC0070B6CB /* ResortsViewController.xib in Resources */ = {isa = PBXBuildFile; fileRef = 86E14A9718C44ACC0070B6CB /* ResortsViewController.xib */; };
		86E14A9B18C466EB0070B6CB /* Forecast.m in Sources */ = {isa = PBXBuildFile; fileRef = 86E14A9A18C466EB0070B6CB /* Forecast.m */; };
		86FFF3D7189D85B800BF1185 /* Foundation.framework in Frameworks */ = {isa = PBXBuildFile; fileRef = 86FFF3D6189D85B800BF1185 /* Foundation.framework */; };
		86FFF3D9189D85B800BF1185 /* CoreGraphics.framework in Frameworks */ = {isa = PBXBuildFile; fileRef = 86FFF3D8189D85B800BF1185 /* CoreGraphics.framework */; };
		86FFF3DB189D85B800BF1185 /* UIKit.framework in Frameworks */ = {isa = PBXBuildFile; fileRef = 86FFF3DA189D85B800BF1185 /* UIKit.framework */; };
		86FFF3E1189D85B800BF1185 /* InfoPlist.strings in Resources */ = {isa = PBXBuildFile; fileRef = 86FFF3DF189D85B800BF1185 /* InfoPlist.strings */; };
		86FFF3E3189D85B800BF1185 /* main.m in Sources */ = {isa = PBXBuildFile; fileRef = 86FFF3E2189D85B800BF1185 /* main.m */; };
		86FFF3E7189D85B800BF1185 /* AppDelegate.m in Sources */ = {isa = PBXBuildFile; fileRef = 86FFF3E6189D85B800BF1185 /* AppDelegate.m */; };
		86FFF3E9189D85B800BF1185 /* Images.xcassets in Resources */ = {isa = PBXBuildFile; fileRef = 86FFF3E8189D85B800BF1185 /* Images.xcassets */; };
		86FFF3F0189D85B800BF1185 /* XCTest.framework in Frameworks */ = {isa = PBXBuildFile; fileRef = 86FFF3EF189D85B800BF1185 /* XCTest.framework */; };
		86FFF3F1189D85B800BF1185 /* Foundation.framework in Frameworks */ = {isa = PBXBuildFile; fileRef = 86FFF3D6189D85B800BF1185 /* Foundation.framework */; };
		86FFF3F2189D85B800BF1185 /* UIKit.framework in Frameworks */ = {isa = PBXBuildFile; fileRef = 86FFF3DA189D85B800BF1185 /* UIKit.framework */; };
		86FFF3FA189D85B800BF1185 /* InfoPlist.strings in Resources */ = {isa = PBXBuildFile; fileRef = 86FFF3F8189D85B800BF1185 /* InfoPlist.strings */; };
		86FFF3FC189D85B800BF1185 /* PowderHunterTests.m in Sources */ = {isa = PBXBuildFile; fileRef = 86FFF3FB189D85B800BF1185 /* PowderHunterTests.m */; };
		FA7074D1D151405AA774040D /* libPods.a in Frameworks */ = {isa = PBXBuildFile; fileRef = 716E767BAF8F4C6D8F9EDF50 /* libPods.a */; };
/* End PBXBuildFile section */

/* Begin PBXContainerItemProxy section */
		86FFF3F3189D85B800BF1185 /* PBXContainerItemProxy */ = {
			isa = PBXContainerItemProxy;
			containerPortal = 86FFF3CB189D85B800BF1185 /* Project object */;
			proxyType = 1;
			remoteGlobalIDString = 86FFF3D2189D85B800BF1185;
			remoteInfo = PowderHunter;
		};
/* End PBXContainerItemProxy section */

/* Begin PBXFileReference section */
		716E767BAF8F4C6D8F9EDF50 /* libPods.a */ = {isa = PBXFileReference; explicitFileType = archive.ar; includeInIndex = 0; path = libPods.a; sourceTree = BUILT_PRODUCTS_DIR; };
		86412BE118BC79E800E3CD48 /* FavoriteResortsManager.h */ = {isa = PBXFileReference; fileEncoding = 4; lastKnownFileType = sourcecode.c.h; path = FavoriteResortsManager.h; sourceTree = "<group>"; };
		86412BE218BC79E800E3CD48 /* FavoriteResortsManager.m */ = {isa = PBXFileReference; fileEncoding = 4; lastKnownFileType = sourcecode.c.objc; path = FavoriteResortsManager.m; sourceTree = "<group>"; };
		8668A30518ADF05000211EAC /* OpenSnowClient.h */ = {isa = PBXFileReference; fileEncoding = 4; lastKnownFileType = sourcecode.c.h; path = OpenSnowClient.h; sourceTree = "<group>"; };
		8668A30618ADF05000211EAC /* OpenSnowClient.m */ = {isa = PBXFileReference; fileEncoding = 4; lastKnownFileType = sourcecode.c.objc; path = OpenSnowClient.m; sourceTree = "<group>"; };
		8668A30918ADF1B900211EAC /* SnoCountryClient.h */ = {isa = PBXFileReference; fileEncoding = 4; lastKnownFileType = sourcecode.c.h; path = SnoCountryClient.h; sourceTree = "<group>"; };
		8668A30A18ADF1B900211EAC /* SnoCountryClient.m */ = {isa = PBXFileReference; fileEncoding = 4; lastKnownFileType = sourcecode.c.objc; path = SnoCountryClient.m; sourceTree = "<group>"; };
		867026EE18B13959002C9D96 /* ResortsViewController.h */ = {isa = PBXFileReference; fileEncoding = 4; lastKnownFileType = sourcecode.c.h; path = ResortsViewController.h; sourceTree = "<group>"; };
		867026EF18B13959002C9D96 /* ResortsViewController.m */ = {isa = PBXFileReference; fileEncoding = 4; lastKnownFileType = sourcecode.c.objc; path = ResortsViewController.m; sourceTree = "<group>"; };
		867026F418B139EC002C9D96 /* Resort.h */ = {isa = PBXFileReference; fileEncoding = 4; lastKnownFileType = sourcecode.c.h; path = Resort.h; sourceTree = "<group>"; };
		867026F518B139EC002C9D96 /* Resort.m */ = {isa = PBXFileReference; fileEncoding = 4; lastKnownFileType = sourcecode.c.objc; path = Resort.m; sourceTree = "<group>"; };
		8670270018B1444C002C9D96 /* ResortCell.xib */ = {isa = PBXFileReference; fileEncoding = 4; lastKnownFileType = file.xib; path = ResortCell.xib; sourceTree = "<group>"; };
		8670270218B1445A002C9D96 /* ResortCell.h */ = {isa = PBXFileReference; fileEncoding = 4; lastKnownFileType = sourcecode.c.h; path = ResortCell.h; sourceTree = "<group>"; };
		8670270318B1445A002C9D96 /* ResortCell.m */ = {isa = PBXFileReference; fileEncoding = 4; lastKnownFileType = sourcecode.c.objc; path = ResortCell.m; sourceTree = "<group>"; };
		8670270518B146BF002C9D96 /* ResortDetailViewController.h */ = {isa = PBXFileReference; fileEncoding = 4; lastKnownFileType = sourcecode.c.h; path = ResortDetailViewController.h; sourceTree = "<group>"; };
		8670270618B146BF002C9D96 /* ResortDetailViewController.m */ = {isa = PBXFileReference; fileEncoding = 4; lastKnownFileType = sourcecode.c.objc; path = ResortDetailViewController.m; sourceTree = "<group>"; };
		8670270718B146BF002C9D96 /* ResortDetailViewController.xib */ = {isa = PBXFileReference; fileEncoding = 4; lastKnownFileType = file.xib; path = ResortDetailViewController.xib; sourceTree = "<group>"; };
		86934A9F18B3374C00A4BA25 /* Temperature.h */ = {isa = PBXFileReference; fileEncoding = 4; lastKnownFileType = sourcecode.c.h; path = Temperature.h; sourceTree = "<group>"; };
		86934AA018B3374C00A4BA25 /* Temperature.m */ = {isa = PBXFileReference; fileEncoding = 4; lastKnownFileType = sourcecode.c.objc; path = Temperature.m; sourceTree = "<group>"; };
		8693AA2A18BB133200D2F3BF /* EditResortCell.h */ = {isa = PBXFileReference; fileEncoding = 4; lastKnownFileType = sourcecode.c.h; path = EditResortCell.h; sourceTree = "<group>"; };
		8693AA2B18BB133200D2F3BF /* EditResortCell.m */ = {isa = PBXFileReference; fileEncoding = 4; lastKnownFileType = sourcecode.c.objc; path = EditResortCell.m; sourceTree = "<group>"; };
		8693AA2D18BB134C00D2F3BF /* EditResortCell.xib */ = {isa = PBXFileReference; fileEncoding = 4; lastKnownFileType = file.xib; path = EditResortCell.xib; sourceTree = "<group>"; };
		8693AA2F18BB197500D2F3BF /* AddResortsViewController.h */ = {isa = PBXFileReference; fileEncoding = 4; lastKnownFileType = sourcecode.c.h; path = AddResortsViewController.h; sourceTree = "<group>"; };
		8693AA3018BB197500D2F3BF /* AddResortsViewController.m */ = {isa = PBXFileReference; fileEncoding = 4; lastKnownFileType = sourcecode.c.objc; lineEnding = 0; path = AddResortsViewController.m; sourceTree = "<group>"; xcLanguageSpecificationIdentifier = xcode.lang.objc; };
		8693AA3118BB197500D2F3BF /* AddResortsViewController.xib */ = {isa = PBXFileReference; fileEncoding = 4; lastKnownFileType = file.xib; path = AddResortsViewController.xib; sourceTree = "<group>"; };
		86E14A9718C44ACC0070B6CB /* ResortsViewController.xib */ = {isa = PBXFileReference; fileEncoding = 4; lastKnownFileType = file.xib; path = ResortsViewController.xib; sourceTree = "<group>"; };
		86E14A9918C466EB0070B6CB /* Forecast.h */ = {isa = PBXFileReference; fileEncoding = 4; lastKnownFileType = sourcecode.c.h; path = Forecast.h; sourceTree = "<group>"; };
		86E14A9A18C466EB0070B6CB /* Forecast.m */ = {isa = PBXFileReference; fileEncoding = 4; lastKnownFileType = sourcecode.c.objc; path = Forecast.m; sourceTree = "<group>"; };
		86FFF3D3189D85B800BF1185 /* PowderHunter.app */ = {isa = PBXFileReference; explicitFileType = wrapper.application; includeInIndex = 0; path = PowderHunter.app; sourceTree = BUILT_PRODUCTS_DIR; };
		86FFF3D6189D85B800BF1185 /* Foundation.framework */ = {isa = PBXFileReference; lastKnownFileType = wrapper.framework; name = Foundation.framework; path = System/Library/Frameworks/Foundation.framework; sourceTree = SDKROOT; };
		86FFF3D8189D85B800BF1185 /* CoreGraphics.framework */ = {isa = PBXFileReference; lastKnownFileType = wrapper.framework; name = CoreGraphics.framework; path = System/Library/Frameworks/CoreGraphics.framework; sourceTree = SDKROOT; };
		86FFF3DA189D85B800BF1185 /* UIKit.framework */ = {isa = PBXFileReference; lastKnownFileType = wrapper.framework; name = UIKit.framework; path = System/Library/Frameworks/UIKit.framework; sourceTree = SDKROOT; };
		86FFF3DE189D85B800BF1185 /* PowderHunter-Info.plist */ = {isa = PBXFileReference; lastKnownFileType = text.plist.xml; path = "PowderHunter-Info.plist"; sourceTree = "<group>"; };
		86FFF3E0189D85B800BF1185 /* en */ = {isa = PBXFileReference; lastKnownFileType = text.plist.strings; name = en; path = en.lproj/InfoPlist.strings; sourceTree = "<group>"; };
		86FFF3E2189D85B800BF1185 /* main.m */ = {isa = PBXFileReference; lastKnownFileType = sourcecode.c.objc; path = main.m; sourceTree = "<group>"; };
		86FFF3E4189D85B800BF1185 /* PowderHunter-Prefix.pch */ = {isa = PBXFileReference; lastKnownFileType = sourcecode.c.h; path = "PowderHunter-Prefix.pch"; sourceTree = "<group>"; };
		86FFF3E5189D85B800BF1185 /* AppDelegate.h */ = {isa = PBXFileReference; lastKnownFileType = sourcecode.c.h; path = AppDelegate.h; sourceTree = "<group>"; };
		86FFF3E6189D85B800BF1185 /* AppDelegate.m */ = {isa = PBXFileReference; lastKnownFileType = sourcecode.c.objc; path = AppDelegate.m; sourceTree = "<group>"; };
		86FFF3E8189D85B800BF1185 /* Images.xcassets */ = {isa = PBXFileReference; lastKnownFileType = folder.assetcatalog; path = Images.xcassets; sourceTree = "<group>"; };
		86FFF3EE189D85B800BF1185 /* PowderHunterTests.xctest */ = {isa = PBXFileReference; explicitFileType = wrapper.cfbundle; includeInIndex = 0; path = PowderHunterTests.xctest; sourceTree = BUILT_PRODUCTS_DIR; };
		86FFF3EF189D85B800BF1185 /* XCTest.framework */ = {isa = PBXFileReference; lastKnownFileType = wrapper.framework; name = XCTest.framework; path = Library/Frameworks/XCTest.framework; sourceTree = DEVELOPER_DIR; };
		86FFF3F7189D85B800BF1185 /* PowderHunterTests-Info.plist */ = {isa = PBXFileReference; lastKnownFileType = text.plist.xml; path = "PowderHunterTests-Info.plist"; sourceTree = "<group>"; };
		86FFF3F9189D85B800BF1185 /* en */ = {isa = PBXFileReference; lastKnownFileType = text.plist.strings; name = en; path = en.lproj/InfoPlist.strings; sourceTree = "<group>"; };
		86FFF3FB189D85B800BF1185 /* PowderHunterTests.m */ = {isa = PBXFileReference; lastKnownFileType = sourcecode.c.objc; path = PowderHunterTests.m; sourceTree = "<group>"; };
		C8B2E6FC826D489DBF9C7D1A /* Pods.xcconfig */ = {isa = PBXFileReference; includeInIndex = 1; lastKnownFileType = text.xcconfig; name = Pods.xcconfig; path = Pods/Pods.xcconfig; sourceTree = "<group>"; };
/* End PBXFileReference section */

/* Begin PBXFrameworksBuildPhase section */
		86FFF3D0189D85B800BF1185 /* Frameworks */ = {
			isa = PBXFrameworksBuildPhase;
			buildActionMask = 2147483647;
			files = (
				86FFF3D9189D85B800BF1185 /* CoreGraphics.framework in Frameworks */,
				86FFF3DB189D85B800BF1185 /* UIKit.framework in Frameworks */,
				86FFF3D7189D85B800BF1185 /* Foundation.framework in Frameworks */,
				FA7074D1D151405AA774040D /* libPods.a in Frameworks */,
			);
			runOnlyForDeploymentPostprocessing = 0;
		};
		86FFF3EB189D85B800BF1185 /* Frameworks */ = {
			isa = PBXFrameworksBuildPhase;
			buildActionMask = 2147483647;
			files = (
				86FFF3F0189D85B800BF1185 /* XCTest.framework in Frameworks */,
				86FFF3F2189D85B800BF1185 /* UIKit.framework in Frameworks */,
				86FFF3F1189D85B800BF1185 /* Foundation.framework in Frameworks */,
			);
			runOnlyForDeploymentPostprocessing = 0;
		};
/* End PBXFrameworksBuildPhase section */

/* Begin PBXGroup section */
		8668A30418ADF03D00211EAC /* OpenSnowAPI */ = {
			isa = PBXGroup;
			children = (
				8668A30518ADF05000211EAC /* OpenSnowClient.h */,
				8668A30618ADF05000211EAC /* OpenSnowClient.m */,
			);
			name = OpenSnowAPI;
			sourceTree = "<group>";
		};
		8668A30818ADF18B00211EAC /* SnoCountryAPI */ = {
			isa = PBXGroup;
			children = (
				8668A30918ADF1B900211EAC /* SnoCountryClient.h */,
				8668A30A18ADF1B900211EAC /* SnoCountryClient.m */,
			);
			name = SnoCountryAPI;
			sourceTree = "<group>";
		};
		867026ED18B13923002C9D96 /* ViewControllers */ = {
			isa = PBXGroup;
			children = (
				867026EE18B13959002C9D96 /* ResortsViewController.h */,
				867026EF18B13959002C9D96 /* ResortsViewController.m */,
				86E14A9718C44ACC0070B6CB /* ResortsViewController.xib */,
				8693AA2F18BB197500D2F3BF /* AddResortsViewController.h */,
				8693AA3018BB197500D2F3BF /* AddResortsViewController.m */,
				8693AA3118BB197500D2F3BF /* AddResortsViewController.xib */,
				8670270518B146BF002C9D96 /* ResortDetailViewController.h */,
				8670270618B146BF002C9D96 /* ResortDetailViewController.m */,
				8670270718B146BF002C9D96 /* ResortDetailViewController.xib */,
			);
			name = ViewControllers;
			sourceTree = "<group>";
		};
		867026F318B139DC002C9D96 /* Model */ = {
			isa = PBXGroup;
			children = (
				867026F418B139EC002C9D96 /* Resort.h */,
				867026F518B139EC002C9D96 /* Resort.m */,
				86934A9F18B3374C00A4BA25 /* Temperature.h */,
				86934AA018B3374C00A4BA25 /* Temperature.m */,
				86412BE118BC79E800E3CD48 /* FavoriteResortsManager.h */,
				86412BE218BC79E800E3CD48 /* FavoriteResortsManager.m */,
				86E14A9918C466EB0070B6CB /* Forecast.h */,
				86E14A9A18C466EB0070B6CB /* Forecast.m */,
			);
			name = Model;
			sourceTree = "<group>";
		};
		867026F718B14380002C9D96 /* Views */ = {
			isa = PBXGroup;
			children = (
				8670270218B1445A002C9D96 /* ResortCell.h */,
				8670270318B1445A002C9D96 /* ResortCell.m */,
				8670270018B1444C002C9D96 /* ResortCell.xib */,
				8693AA2A18BB133200D2F3BF /* EditResortCell.h */,
				8693AA2B18BB133200D2F3BF /* EditResortCell.m */,
				8693AA2D18BB134C00D2F3BF /* EditResortCell.xib */,
			);
			name = Views;
			sourceTree = "<group>";
		};
		86FFF3CA189D85B800BF1185 = {
			isa = PBXGroup;
			children = (
				86FFF3DC189D85B800BF1185 /* PowderHunter */,
				86FFF3F5189D85B800BF1185 /* PowderHunterTests */,
				86FFF3D5189D85B800BF1185 /* Frameworks */,
				86FFF3D4189D85B800BF1185 /* Products */,
				C8B2E6FC826D489DBF9C7D1A /* Pods.xcconfig */,
			);
			sourceTree = "<group>";
		};
		86FFF3D4189D85B800BF1185 /* Products */ = {
			isa = PBXGroup;
			children = (
				86FFF3D3189D85B800BF1185 /* PowderHunter.app */,
				86FFF3EE189D85B800BF1185 /* PowderHunterTests.xctest */,
			);
			name = Products;
			sourceTree = "<group>";
		};
		86FFF3D5189D85B800BF1185 /* Frameworks */ = {
			isa = PBXGroup;
			children = (
				86FFF3D6189D85B800BF1185 /* Foundation.framework */,
				86FFF3D8189D85B800BF1185 /* CoreGraphics.framework */,
				86FFF3DA189D85B800BF1185 /* UIKit.framework */,
				86FFF3EF189D85B800BF1185 /* XCTest.framework */,
				716E767BAF8F4C6D8F9EDF50 /* libPods.a */,
			);
			name = Frameworks;
			sourceTree = "<group>";
		};
		86FFF3DC189D85B800BF1185 /* PowderHunter */ = {
			isa = PBXGroup;
			children = (
				867026F718B14380002C9D96 /* Views */,
				867026F318B139DC002C9D96 /* Model */,
				867026ED18B13923002C9D96 /* ViewControllers */,
				8668A30818ADF18B00211EAC /* SnoCountryAPI */,
				8668A30418ADF03D00211EAC /* OpenSnowAPI */,
				86FFF3E5189D85B800BF1185 /* AppDelegate.h */,
				86FFF3E6189D85B800BF1185 /* AppDelegate.m */,
				86FFF3E8189D85B800BF1185 /* Images.xcassets */,
				86FFF3DD189D85B800BF1185 /* Supporting Files */,
			);
			path = PowderHunter;
			sourceTree = "<group>";
		};
		86FFF3DD189D85B800BF1185 /* Supporting Files */ = {
			isa = PBXGroup;
			children = (
				86FFF3DE189D85B800BF1185 /* PowderHunter-Info.plist */,
				86FFF3DF189D85B800BF1185 /* InfoPlist.strings */,
				86FFF3E2189D85B800BF1185 /* main.m */,
				86FFF3E4189D85B800BF1185 /* PowderHunter-Prefix.pch */,
			);
			name = "Supporting Files";
			sourceTree = "<group>";
		};
		86FFF3F5189D85B800BF1185 /* PowderHunterTests */ = {
			isa = PBXGroup;
			children = (
				86FFF3FB189D85B800BF1185 /* PowderHunterTests.m */,
				86FFF3F6189D85B800BF1185 /* Supporting Files */,
			);
			path = PowderHunterTests;
			sourceTree = "<group>";
		};
		86FFF3F6189D85B800BF1185 /* Supporting Files */ = {
			isa = PBXGroup;
			children = (
				86FFF3F7189D85B800BF1185 /* PowderHunterTests-Info.plist */,
				86FFF3F8189D85B800BF1185 /* InfoPlist.strings */,
			);
			name = "Supporting Files";
			sourceTree = "<group>";
		};
/* End PBXGroup section */

/* Begin PBXNativeTarget section */
		86FFF3D2189D85B800BF1185 /* PowderHunter */ = {
			isa = PBXNativeTarget;
			buildConfigurationList = 86FFF3FF189D85B800BF1185 /* Build configuration list for PBXNativeTarget "PowderHunter" */;
			buildPhases = (
				4DD4E32D28584854BEBEB84B /* Check Pods Manifest.lock */,
				86FFF3CF189D85B800BF1185 /* Sources */,
				86FFF3D0189D85B800BF1185 /* Frameworks */,
				86FFF3D1189D85B800BF1185 /* Resources */,
				5A08E1BD4EE04794B6AEBC64 /* Copy Pods Resources */,
			);
			buildRules = (
			);
			dependencies = (
			);
			name = PowderHunter;
			productName = PowderHunter;
			productReference = 86FFF3D3189D85B800BF1185 /* PowderHunter.app */;
			productType = "com.apple.product-type.application";
		};
		86FFF3ED189D85B800BF1185 /* PowderHunterTests */ = {
			isa = PBXNativeTarget;
			buildConfigurationList = 86FFF402189D85B800BF1185 /* Build configuration list for PBXNativeTarget "PowderHunterTests" */;
			buildPhases = (
				86FFF3EA189D85B800BF1185 /* Sources */,
				86FFF3EB189D85B800BF1185 /* Frameworks */,
				86FFF3EC189D85B800BF1185 /* Resources */,
			);
			buildRules = (
			);
			dependencies = (
				86FFF3F4189D85B800BF1185 /* PBXTargetDependency */,
			);
			name = PowderHunterTests;
			productName = PowderHunterTests;
			productReference = 86FFF3EE189D85B800BF1185 /* PowderHunterTests.xctest */;
			productType = "com.apple.product-type.bundle.unit-test";
		};
/* End PBXNativeTarget section */

/* Begin PBXProject section */
		86FFF3CB189D85B800BF1185 /* Project object */ = {
			isa = PBXProject;
			attributes = {
				LastUpgradeCheck = 0500;
				ORGANIZATIONNAME = codepath;
				TargetAttributes = {
					86FFF3ED189D85B800BF1185 = {
						TestTargetID = 86FFF3D2189D85B800BF1185;
					};
				};
			};
			buildConfigurationList = 86FFF3CE189D85B800BF1185 /* Build configuration list for PBXProject "PowderHunter" */;
			compatibilityVersion = "Xcode 3.2";
			developmentRegion = English;
			hasScannedForEncodings = 0;
			knownRegions = (
				en,
			);
			mainGroup = 86FFF3CA189D85B800BF1185;
			productRefGroup = 86FFF3D4189D85B800BF1185 /* Products */;
			projectDirPath = "";
			projectRoot = "";
			targets = (
				86FFF3D2189D85B800BF1185 /* PowderHunter */,
				86FFF3ED189D85B800BF1185 /* PowderHunterTests */,
			);
		};
/* End PBXProject section */

/* Begin PBXResourcesBuildPhase section */
		86FFF3D1189D85B800BF1185 /* Resources */ = {
			isa = PBXResourcesBuildPhase;
			buildActionMask = 2147483647;
			files = (
				8693AA2E18BB134C00D2F3BF /* EditResortCell.xib in Resources */,
				86FFF3E1189D85B800BF1185 /* InfoPlist.strings in Resources */,
				8670270918B146BF002C9D96 /* ResortDetailViewController.xib in Resources */,
				8670270118B1444C002C9D96 /* ResortCell.xib in Resources */,
				86E14A9818C44ACC0070B6CB /* ResortsViewController.xib in Resources */,
				86FFF3E9189D85B800BF1185 /* Images.xcassets in Resources */,
				8693AA3318BB197500D2F3BF /* AddResortsViewController.xib in Resources */,
			);
			runOnlyForDeploymentPostprocessing = 0;
		};
		86FFF3EC189D85B800BF1185 /* Resources */ = {
			isa = PBXResourcesBuildPhase;
			buildActionMask = 2147483647;
			files = (
				86FFF3FA189D85B800BF1185 /* InfoPlist.strings in Resources */,
			);
			runOnlyForDeploymentPostprocessing = 0;
		};
/* End PBXResourcesBuildPhase section */

/* Begin PBXShellScriptBuildPhase section */
		4DD4E32D28584854BEBEB84B /* Check Pods Manifest.lock */ = {
			isa = PBXShellScriptBuildPhase;
			buildActionMask = 2147483647;
			files = (
			);
			inputPaths = (
			);
			name = "Check Pods Manifest.lock";
			outputPaths = (
			);
			runOnlyForDeploymentPostprocessing = 0;
			shellPath = /bin/sh;
			shellScript = "diff \"${PODS_ROOT}/../Podfile.lock\" \"${PODS_ROOT}/Manifest.lock\" > /dev/null\nif [[ $? != 0 ]] ; then\n    cat << EOM\nerror: The sandbox is not in sync with the Podfile.lock. Run 'pod install' or update your CocoaPods installation.\nEOM\n    exit 1\nfi\n";
			showEnvVarsInLog = 0;
		};
		5A08E1BD4EE04794B6AEBC64 /* Copy Pods Resources */ = {
			isa = PBXShellScriptBuildPhase;
			buildActionMask = 2147483647;
			files = (
			);
			inputPaths = (
			);
			name = "Copy Pods Resources";
			outputPaths = (
			);
			runOnlyForDeploymentPostprocessing = 0;
			shellPath = /bin/sh;
			shellScript = "\"${SRCROOT}/Pods/Pods-resources.sh\"\n";
			showEnvVarsInLog = 0;
		};
/* End PBXShellScriptBuildPhase section */

/* Begin PBXSourcesBuildPhase section */
		86FFF3CF189D85B800BF1185 /* Sources */ = {
			isa = PBXSourcesBuildPhase;
			buildActionMask = 2147483647;
			files = (
				8693AA2C18BB133200D2F3BF /* EditResortCell.m in Sources */,
				8670270818B146BF002C9D96 /* ResortDetailViewController.m in Sources */,
				867026F618B139EC002C9D96 /* Resort.m in Sources */,
				8668A30B18ADF1B900211EAC /* SnoCountryClient.m in Sources */,
				86E14A9B18C466EB0070B6CB /* Forecast.m in Sources */,
				86412BE318BC79E800E3CD48 /* FavoriteResortsManager.m in Sources */,
				867026F118B13959002C9D96 /* ResortsViewController.m in Sources */,
				86FFF3E7189D85B800BF1185 /* AppDelegate.m in Sources */,
				8668A30718ADF05000211EAC /* OpenSnowClient.m in Sources */,
				86934AA118B3374C00A4BA25 /* Temperature.m in Sources */,
				86FFF3E3189D85B800BF1185 /* main.m in Sources */,
				8670270418B1445A002C9D96 /* ResortCell.m in Sources */,
				8693AA3218BB197500D2F3BF /* AddResortsViewController.m in Sources */,
			);
			runOnlyForDeploymentPostprocessing = 0;
		};
		86FFF3EA189D85B800BF1185 /* Sources */ = {
			isa = PBXSourcesBuildPhase;
			buildActionMask = 2147483647;
			files = (
				86FFF3FC189D85B800BF1185 /* PowderHunterTests.m in Sources */,
			);
			runOnlyForDeploymentPostprocessing = 0;
		};
/* End PBXSourcesBuildPhase section */

/* Begin PBXTargetDependency section */
		86FFF3F4189D85B800BF1185 /* PBXTargetDependency */ = {
			isa = PBXTargetDependency;
			target = 86FFF3D2189D85B800BF1185 /* PowderHunter */;
			targetProxy = 86FFF3F3189D85B800BF1185 /* PBXContainerItemProxy */;
		};
/* End PBXTargetDependency section */

/* Begin PBXVariantGroup section */
		86FFF3DF189D85B800BF1185 /* InfoPlist.strings */ = {
			isa = PBXVariantGroup;
			children = (
				86FFF3E0189D85B800BF1185 /* en */,
			);
			name = InfoPlist.strings;
			sourceTree = "<group>";
		};
		86FFF3F8189D85B800BF1185 /* InfoPlist.strings */ = {
			isa = PBXVariantGroup;
			children = (
				86FFF3F9189D85B800BF1185 /* en */,
			);
			name = InfoPlist.strings;
			sourceTree = "<group>";
		};
/* End PBXVariantGroup section */

/* Begin XCBuildConfiguration section */
		86FFF3FD189D85B800BF1185 /* Debug */ = {
			isa = XCBuildConfiguration;
			buildSettings = {
				ALWAYS_SEARCH_USER_PATHS = NO;
				ARCHS = "$(ARCHS_STANDARD_INCLUDING_64_BIT)";
				CLANG_CXX_LANGUAGE_STANDARD = "gnu++0x";
				CLANG_CXX_LIBRARY = "libc++";
				CLANG_ENABLE_MODULES = YES;
				CLANG_ENABLE_OBJC_ARC = YES;
				CLANG_WARN_BOOL_CONVERSION = YES;
				CLANG_WARN_CONSTANT_CONVERSION = YES;
				CLANG_WARN_DIRECT_OBJC_ISA_USAGE = YES_ERROR;
				CLANG_WARN_EMPTY_BODY = YES;
				CLANG_WARN_ENUM_CONVERSION = YES;
				CLANG_WARN_INT_CONVERSION = YES;
				CLANG_WARN_OBJC_ROOT_CLASS = YES_ERROR;
				CLANG_WARN__DUPLICATE_METHOD_MATCH = YES;
				"CODE_SIGN_IDENTITY[sdk=iphoneos*]" = "iPhone Developer";
				COPY_PHASE_STRIP = NO;
				GCC_C_LANGUAGE_STANDARD = gnu99;
				GCC_DYNAMIC_NO_PIC = NO;
				GCC_OPTIMIZATION_LEVEL = 0;
				GCC_PREPROCESSOR_DEFINITIONS = (
					"DEBUG=1",
					"$(inherited)",
				);
				GCC_SYMBOLS_PRIVATE_EXTERN = NO;
				GCC_WARN_64_TO_32_BIT_CONVERSION = YES;
				GCC_WARN_ABOUT_RETURN_TYPE = YES_ERROR;
				GCC_WARN_UNDECLARED_SELECTOR = YES;
				GCC_WARN_UNINITIALIZED_AUTOS = YES;
				GCC_WARN_UNUSED_FUNCTION = YES;
				GCC_WARN_UNUSED_VARIABLE = YES;
				IPHONEOS_DEPLOYMENT_TARGET = 7.0;
				ONLY_ACTIVE_ARCH = YES;
				SDKROOT = iphoneos;
			};
			name = Debug;
		};
		86FFF3FE189D85B800BF1185 /* Release */ = {
			isa = XCBuildConfiguration;
			buildSettings = {
				ALWAYS_SEARCH_USER_PATHS = NO;
				ARCHS = "$(ARCHS_STANDARD_INCLUDING_64_BIT)";
				CLANG_CXX_LANGUAGE_STANDARD = "gnu++0x";
				CLANG_CXX_LIBRARY = "libc++";
				CLANG_ENABLE_MODULES = YES;
				CLANG_ENABLE_OBJC_ARC = YES;
				CLANG_WARN_BOOL_CONVERSION = YES;
				CLANG_WARN_CONSTANT_CONVERSION = YES;
				CLANG_WARN_DIRECT_OBJC_ISA_USAGE = YES_ERROR;
				CLANG_WARN_EMPTY_BODY = YES;
				CLANG_WARN_ENUM_CONVERSION = YES;
				CLANG_WARN_INT_CONVERSION = YES;
				CLANG_WARN_OBJC_ROOT_CLASS = YES_ERROR;
				CLANG_WARN__DUPLICATE_METHOD_MATCH = YES;
				"CODE_SIGN_IDENTITY[sdk=iphoneos*]" = "iPhone Developer";
				COPY_PHASE_STRIP = YES;
				ENABLE_NS_ASSERTIONS = NO;
				GCC_C_LANGUAGE_STANDARD = gnu99;
				GCC_WARN_64_TO_32_BIT_CONVERSION = YES;
				GCC_WARN_ABOUT_RETURN_TYPE = YES_ERROR;
				GCC_WARN_UNDECLARED_SELECTOR = YES;
				GCC_WARN_UNINITIALIZED_AUTOS = YES;
				GCC_WARN_UNUSED_FUNCTION = YES;
				GCC_WARN_UNUSED_VARIABLE = YES;
				IPHONEOS_DEPLOYMENT_TARGET = 7.0;
				SDKROOT = iphoneos;
				VALIDATE_PRODUCT = YES;
			};
			name = Release;
		};
		86FFF400189D85B800BF1185 /* Debug */ = {
			isa = XCBuildConfiguration;
			baseConfigurationReference = C8B2E6FC826D489DBF9C7D1A /* Pods.xcconfig */;
			buildSettings = {
				ASSETCATALOG_COMPILER_APPICON_NAME = AppIcon;
				ASSETCATALOG_COMPILER_LAUNCHIMAGE_NAME = LaunchImage;
				GCC_PRECOMPILE_PREFIX_HEADER = YES;
				GCC_PREFIX_HEADER = "PowderHunter/PowderHunter-Prefix.pch";
				INFOPLIST_FILE = "PowderHunter/PowderHunter-Info.plist";
				PRODUCT_NAME = "$(TARGET_NAME)";
				WRAPPER_EXTENSION = app;
			};
			name = Debug;
		};
		86FFF401189D85B800BF1185 /* Release */ = {
			isa = XCBuildConfiguration;
			baseConfigurationReference = C8B2E6FC826D489DBF9C7D1A /* Pods.xcconfig */;
			buildSettings = {
				ASSETCATALOG_COMPILER_APPICON_NAME = AppIcon;
				ASSETCATALOG_COMPILER_LAUNCHIMAGE_NAME = LaunchImage;
				GCC_PRECOMPILE_PREFIX_HEADER = YES;
				GCC_PREFIX_HEADER = "PowderHunter/PowderHunter-Prefix.pch";
				INFOPLIST_FILE = "PowderHunter/PowderHunter-Info.plist";
				PRODUCT_NAME = "$(TARGET_NAME)";
				WRAPPER_EXTENSION = app;
			};
			name = Release;
		};
		86FFF403189D85B800BF1185 /* Debug */ = {
			isa = XCBuildConfiguration;
			buildSettings = {
				ARCHS = "$(ARCHS_STANDARD_INCLUDING_64_BIT)";
				BUNDLE_LOADER = "$(BUILT_PRODUCTS_DIR)/PowderHunter.app/PowderHunter";
				FRAMEWORK_SEARCH_PATHS = (
					"$(SDKROOT)/Developer/Library/Frameworks",
					"$(inherited)",
					"$(DEVELOPER_FRAMEWORKS_DIR)",
				);
				GCC_PRECOMPILE_PREFIX_HEADER = YES;
				GCC_PREFIX_HEADER = "PowderHunter/PowderHunter-Prefix.pch";
				GCC_PREPROCESSOR_DEFINITIONS = (
					"DEBUG=1",
					"$(inherited)",
				);
				INFOPLIST_FILE = "PowderHunterTests/PowderHunterTests-Info.plist";
				PRODUCT_NAME = "$(TARGET_NAME)";
				TEST_HOST = "$(BUNDLE_LOADER)";
				WRAPPER_EXTENSION = xctest;
			};
			name = Debug;
		};
		86FFF404189D85B800BF1185 /* Release */ = {
			isa = XCBuildConfiguration;
			buildSettings = {
				ARCHS = "$(ARCHS_STANDARD_INCLUDING_64_BIT)";
				BUNDLE_LOADER = "$(BUILT_PRODUCTS_DIR)/PowderHunter.app/PowderHunter";
				FRAMEWORK_SEARCH_PATHS = (
					"$(SDKROOT)/Developer/Library/Frameworks",
					"$(inherited)",
					"$(DEVELOPER_FRAMEWORKS_DIR)",
				);
				GCC_PRECOMPILE_PREFIX_HEADER = YES;
				GCC_PREFIX_HEADER = "PowderHunter/PowderHunter-Prefix.pch";
				INFOPLIST_FILE = "PowderHunterTests/PowderHunterTests-Info.plist";
				PRODUCT_NAME = "$(TARGET_NAME)";
				TEST_HOST = "$(BUNDLE_LOADER)";
				WRAPPER_EXTENSION = xctest;
			};
			name = Release;
		};
/* End XCBuildConfiguration section */

/* Begin XCConfigurationList section */
		86FFF3CE189D85B800BF1185 /* Build configuration list for PBXProject "PowderHunter" */ = {
			isa = XCConfigurationList;
			buildConfigurations = (
				86FFF3FD189D85B800BF1185 /* Debug */,
				86FFF3FE189D85B800BF1185 /* Release */,
			);
			defaultConfigurationIsVisible = 0;
			defaultConfigurationName = Release;
		};
		86FFF3FF189D85B800BF1185 /* Build configuration list for PBXNativeTarget "PowderHunter" */ = {
			isa = XCConfigurationList;
			buildConfigurations = (
				86FFF400189D85B800BF1185 /* Debug */,
				86FFF401189D85B800BF1185 /* Release */,
			);
			defaultConfigurationIsVisible = 0;
			defaultConfigurationName = Release;
		};
		86FFF402189D85B800BF1185 /* Build configuration list for PBXNativeTarget "PowderHunterTests" */ = {
			isa = XCConfigurationList;
			buildConfigurations = (
				86FFF403189D85B800BF1185 /* Debug */,
				86FFF404189D85B800BF1185 /* Release */,
			);
			defaultConfigurationIsVisible = 0;
			defaultConfigurationName = Release;
		};
/* End XCConfigurationList section */
	};
	rootObject = 86FFF3CB189D85B800BF1185 /* Project object */;
}
